
Microsoft Visual Studio Solution File, Format Version 12.00
# Visual Studio Version 17
VisualStudioVersion = 17.2.32630.192
MinimumVisualStudioVersion = 10.0.40219.1
Project("{9A19103F-16F7-4668-BE54-9A1E7A4F7556}") = ".", "Anno.FileDBModels\Anno.FileDBModels.csproj", "{39686C52-B8E9-46EB-9545-E9417DA51621}"
EndProject
Project("{FAE04EC0-301F-11D3-BF4B-00C04F79EFBC}") = "SerializeGamedata.ManualTest", "SerializeGamedata.ManualTest\SerializeGamedata.ManualTest.csproj", "{16B2909E-9E46-448D-A198-E30674CD3262}"
EndProject
Global
	GlobalSection(SolutionConfigurationPlatforms) = preSolution
		Debug|Any CPU = Debug|Any CPU
		Release|Any CPU = Release|Any CPU
	EndGlobalSection
	GlobalSection(ProjectConfigurationPlatforms) = postSolution
		{39686C52-B8E9-46EB-9545-E9417DA51621}.Debug|Any CPU.ActiveCfg = Debug|Any CPU
		{39686C52-B8E9-46EB-9545-E9417DA51621}.Debug|Any CPU.Build.0 = Debug|Any CPU
		{39686C52-B8E9-46EB-9545-E9417DA51621}.Release|Any CPU.ActiveCfg = Release|Any CPU
		{39686C52-B8E9-46EB-9545-E9417DA51621}.Release|Any CPU.Build.0 = Release|Any CPU
		{16B2909E-9E46-448D-A198-E30674CD3262}.Debug|Any CPU.ActiveCfg = Debug|Any CPU
		{16B2909E-9E46-448D-A198-E30674CD3262}.Debug|Any CPU.Build.0 = Debug|Any CPU
		{16B2909E-9E46-448D-A198-E30674CD3262}.Release|Any CPU.ActiveCfg = Release|Any CPU
		{16B2909E-9E46-448D-A198-E30674CD3262}.Release|Any CPU.Build.0 = Release|Any CPU
	EndGlobalSection
	GlobalSection(SolutionProperties) = preSolution
		HideSolutionNode = FALSE
	EndGlobalSection
	GlobalSection(ExtensibilityGlobals) = postSolution
		SolutionGuid = {74CA41A7-8C51-4FE2-95C7-9B5FE4813146}
	EndGlobalSection
EndGlobal
